// !$*UTF8*$!
{
	archiveVersion = 1;
	classes = {
	};
	objectVersion = 77;
	objects = {

/* Begin PBXContainerItemProxy section */
		ACD8B72A2EF1F8B8000A9E4F /* PBXContainerItemProxy */ = {
			isa = PBXContainerItemProxy;
			containerPortal = ACD8B70F2EF1F8B6000A9E4F /* Project object */;
			proxyType = 1;
			remoteGlobalIDString = ACD8B7162EF1F8B6000A9E4F;
			remoteInfo = PontoColaboradorIOS;
		};
		ACD8B7342EF1F8B8000A9E4F /* PBXContainerItemProxy */ = {
			isa = PBXContainerItemProxy;
			containerPortal = ACD8B70F2EF1F8B6000A9E4F /* Project object */;
			proxyType = 1;
			remoteGlobalIDString = ACD8B7162EF1F8B6000A9E4F;
			remoteInfo = PontoColaboradorIOS;
		};
/* End PBXContainerItemProxy section */

/* Begin PBXFileReference section */
		ACD8B7172EF1F8B6000A9E4F /* PontoColaboradorIOS.app */ = {isa = PBXFileReference; explicitFileType = wrapper.application; includeInIndex = 0; path = PontoColaboradorIOS.app; sourceTree = BUILT_PRODUCTS_DIR; };
		ACD8B7292EF1F8B8000A9E4F /* PontoColaboradorIOSTests.xctest */ = {isa = PBXFileReference; explicitFileType = wrapper.cfbundle; includeInIndex = 0; path = PontoColaboradorIOSTests.xctest; sourceTree = BUILT_PRODUCTS_DIR; };
		ACD8B7332EF1F8B8000A9E4F /* PontoColaboradorIOSUITests.xctest */ = {isa = PBXFileReference; explicitFileType = wrapper.cfbundle; includeInIndex = 0; path = PontoColaboradorIOSUITests.xctest; sourceTree = BUILT_PRODUCTS_DIR; };
		ACD8B76C2EF21CC5000A9E4F /* Info.plist */ = {isa = PBXFileReference; lastKnownFileType = text.plist; path = Info.plist; sourceTree = "<group>"; };
/* End PBXFileReference section */

/* Begin PBXFileSystemSynchronizedRootGroup section */
		ACD8B7192EF1F8B6000A9E4F /* PontoColaboradorIOS */ = {
			isa = PBXFileSystemSynchronizedRootGroup;
			path = PontoColaboradorIOS;
			sourceTree = "<group>";
		};
		ACD8B72C2EF1F8B8000A9E4F /* PontoColaboradorIOSTests */ = {
			isa = PBXFileSystemSynchronizedRootGroup;
			path = PontoColaboradorIOSTests;
			sourceTree = "<group>";
		};
		ACD8B7362EF1F8B8000A9E4F /* PontoColaboradorIOSUITests */ = {
			isa = PBXFileSystemSynchronizedRootGroup;
			path = PontoColaboradorIOSUITests;
			sourceTree = "<group>";
		};
/* End PBXFileSystemSynchronizedRootGroup section */

/* Begin PBXFrameworksBuildPhase section */
		ACD8B7142EF1F8B6000A9E4F /* Frameworks */ = {
			isa = PBXFrameworksBuildPhase;
			buildActionMask = 2147483647;
			files = (
			);
			runOnlyForDeploymentPostprocessing = 0;
		};
		ACD8B7262EF1F8B8000A9E4F /* Frameworks */ = {
			isa = PBXFrameworksBuildPhase;
			buildActionMask = 2147483647;
			files = (
			);
			runOnlyForDeploymentPostprocessing = 0;
		};
		ACD8B7302EF1F8B8000A9E4F /* Frameworks */ = {
			isa = PBXFrameworksBuildPhase;
			buildActionMask = 2147483647;
			files = (
			);
			runOnlyForDeploymentPostprocessing = 0;
		};
/* End PBXFrameworksBuildPhase section */

/* Begin PBXGroup section */
		ACD8B70E2EF1F8B6000A9E4F = {
			isa = PBXGroup;
			children = (
				ACD8B76C2EF21CC5000A9E4F /* Info.plist */,
				ACD8B7192EF1F8B6000A9E4F /* PontoColaboradorIOS */,
				ACD8B72C2EF1F8B8000A9E4F /* PontoColaboradorIOSTests */,
				ACD8B7362EF1F8B8000A9E4F /* PontoColaboradorIOSUITests */,
				ACD8B7182EF1F8B6000A9E4F /* Products */,
			);
			sourceTree = "<group>";
		};
		ACD8B7182EF1F8B6000A9E4F /* Products */ = {
			isa = PBXGroup;
			children = (
				ACD8B7172EF1F8B6000A9E4F /* PontoColaboradorIOS.app */,
				ACD8B7292EF1F8B8000A9E4F /* PontoColaboradorIOSTests.xctest */,
				ACD8B7332EF1F8B8000A9E4F /* PontoColaboradorIOSUITests.xctest */,
			);
			name = Products;
			sourceTree = "<group>";
		};
/* End PBXGroup section */

/* Begin PBXNativeTarget section */
		ACD8B7162EF1F8B6000A9E4F /* PontoColaboradorIOS */ = {
			isa = PBXNativeTarget;
			buildConfigurationList = ACD8B73D2EF1F8B8000A9E4F /* Build configuration list for PBXNativeTarget "PontoColaboradorIOS" */;
			buildPhases = (
				ACD8B7132EF1F8B6000A9E4F /* Sources */,
				ACD8B7142EF1F8B6000A9E4F /* Frameworks */,
				ACD8B7152EF1F8B6000A9E4F /* Resources */,
			);
			buildRules = (
			);
			dependencies = (
			);
			fileSystemSynchronizedGroups = (
				ACD8B7192EF1F8B6000A9E4F /* PontoColaboradorIOS */,
			);
			name = PontoColaboradorIOS;
			packageProductDependencies = (
			);
			productName = PontoColaboradorIOS;
			productReference = ACD8B7172EF1F8B6000A9E4F /* PontoColaboradorIOS.app */;
			productType = "com.apple.product-type.application";
		};
		ACD8B7282EF1F8B8000A9E4F /* PontoColaboradorIOSTests */ = {
			isa = PBXNativeTarget;
			buildConfigurationList = ACD8B7402EF1F8B8000A9E4F /* Build configuration list for PBXNativeTarget "PontoColaboradorIOSTests" */;
			buildPhases = (
				ACD8B7252EF1F8B8000A9E4F /* Sources */,
				ACD8B7262EF1F8B8000A9E4F /* Frameworks */,
				ACD8B7272EF1F8B8000A9E4F /* Resources */,
			);
			buildRules = (
			);
			dependencies = (
				ACD8B72B2EF1F8B8000A9E4F /* PBXTargetDependency */,
			);
			fileSystemSynchronizedGroups = (
				ACD8B72C2EF1F8B8000A9E4F /* PontoColaboradorIOSTests */,
			);
			name = PontoColaboradorIOSTests;
			packageProductDependencies = (
			);
			productName = PontoColaboradorIOSTests;
			productReference = ACD8B7292EF1F8B8000A9E4F /* PontoColaboradorIOSTests.xctest */;
			productType = "com.apple.product-type.bundle.unit-test";
		};
		ACD8B7322EF1F8B8000A9E4F /* PontoColaboradorIOSUITests */ = {
			isa = PBXNativeTarget;
			buildConfigurationList = ACD8B7432EF1F8B8000A9E4F /* Build configuration list for PBXNativeTarget "PontoColaboradorIOSUITests" */;
			buildPhases = (
				ACD8B72F2EF1F8B8000A9E4F /* Sources */,
				ACD8B7302EF1F8B8000A9E4F /* Frameworks */,
				ACD8B7312EF1F8B8000A9E4F /* Resources */,
			);
			buildRules = (
			);
			dependencies = (
				ACD8B7352EF1F8B8000A9E4F /* PBXTargetDependency */,
			);
			fileSystemSynchronizedGroups = (
				ACD8B7362EF1F8B8000A9E4F /* PontoColaboradorIOSUITests */,
			);
			name = PontoColaboradorIOSUITests;
			packageProductDependencies = (
			);
			productName = PontoColaboradorIOSUITests;
			productReference = ACD8B7332EF1F8B8000A9E4F /* PontoColaboradorIOSUITests.xctest */;
			productType = "com.apple.product-type.bundle.ui-testing";
		};
/* End PBXNativeTarget section */

/* Begin PBXProject section */
		ACD8B70F2EF1F8B6000A9E4F /* Project object */ = {
			isa = PBXProject;
			attributes = {
				BuildIndependentTargetsInParallel = 1;
				LastSwiftUpdateCheck = 2620;
				LastUpgradeCheck = 2620;
				TargetAttributes = {
					ACD8B7162EF1F8B6000A9E4F = {
						CreatedOnToolsVersion = 26.2;
					};
					ACD8B7282EF1F8B8000A9E4F = {
						CreatedOnToolsVersion = 26.2;
						TestTargetID = ACD8B7162EF1F8B6000A9E4F;
					};
					ACD8B7322EF1F8B8000A9E4F = {
						CreatedOnToolsVersion = 26.2;
						TestTargetID = ACD8B7162EF1F8B6000A9E4F;
					};
				};
			};
			buildConfigurationList = ACD8B7122EF1F8B6000A9E4F /* Build configuration list for PBXProject "PontoColaboradorIOS" */;
			developmentRegion = en;
			hasScannedForEncodings = 0;
			knownRegions = (
				en,
				Base,
			);
			mainGroup = ACD8B70E2EF1F8B6000A9E4F;
			minimizedProjectReferenceProxies = 1;
			preferredProjectObjectVersion = 77;
			productRefGroup = ACD8B7182EF1F8B6000A9E4F /* Products */;
			projectDirPath = "";
			projectRoot = "";
			targets = (
				ACD8B7162EF1F8B6000A9E4F /* PontoColaboradorIOS */,
				ACD8B7282EF1F8B8000A9E4F /* PontoColaboradorIOSTests */,
				ACD8B7322EF1F8B8000A9E4F /* PontoColaboradorIOSUITests */,
			);
		};
/* End PBXProject section */

/* Begin PBXResourcesBuildPhase section */
		ACD8B7152EF1F8B6000A9E4F /* Resources */ = {
			isa = PBXResourcesBuildPhase;
			buildActionMask = 2147483647;
			files = (
			);
			runOnlyForDeploymentPostprocessing = 0;
		};
		ACD8B7272EF1F8B8000A9E4F /* Resources */ = {
			isa = PBXResourcesBuildPhase;
			buildActionMask = 2147483647;
			files = (
			);
			runOnlyForDeploymentPostprocessing = 0;
		};
		ACD8B7312EF1F8B8000A9E4F /* Resources */ = {
			isa = PBXResourcesBuildPhase;
			buildActionMask = 2147483647;
			files = (
			);
			runOnlyForDeploymentPostprocessing = 0;
		};
/* End PBXResourcesBuildPhase section */

/* Begin PBXSourcesBuildPhase section */
		ACD8B7132EF1F8B6000A9E4F /* Sources */ = {
			isa = PBXSourcesBuildPhase;
			buildActionMask = 2147483647;
			files = (
			);
			runOnlyForDeploymentPostprocessing = 0;
		};
		ACD8B7252EF1F8B8000A9E4F /* Sources */ = {
			isa = PBXSourcesBuildPhase;
			buildActionMask = 2147483647;
			files = (
			);
			runOnlyForDeploymentPostprocessing = 0;
		};
		ACD8B72F2EF1F8B8000A9E4F /* Sources */ = {
			isa = PBXSourcesBuildPhase;
			buildActionMask = 2147483647;
			files = (
			);
			runOnlyForDeploymentPostprocessing = 0;
		};
/* End PBXSourcesBuildPhase section */

/* Begin PBXTargetDependency section */
		ACD8B72B2EF1F8B8000A9E4F /* PBXTargetDependency */ = {
			isa = PBXTargetDependency;
			target = ACD8B7162EF1F8B6000A9E4F /* PontoColaboradorIOS */;
			targetProxy = ACD8B72A2EF1F8B8000A9E4F /* PBXContainerItemProxy */;
		};
		ACD8B7352EF1F8B8000A9E4F /* PBXTargetDependency */ = {
			isa = PBXTargetDependency;
			target = ACD8B7162EF1F8B6000A9E4F /* PontoColaboradorIOS */;
			targetProxy = ACD8B7342EF1F8B8000A9E4F /* PBXContainerItemProxy */;
		};
/* End PBXTargetDependency section */

/* Begin XCBuildConfiguration section */
		ACD8B73B2EF1F8B8000A9E4F /* Debug */ = {
			isa = XCBuildConfiguration;
			buildSettings = {
				ALWAYS_SEARCH_USER_PATHS = NO;
				ASSETCATALOG_COMPILER_GENERATE_SWIFT_ASSET_SYMBOL_EXTENSIONS = YES;
				CLANG_ANALYZER_NONNULL = YES;
				CLANG_ANALYZER_NUMBER_OBJECT_CONVERSION = YES_AGGRESSIVE;
				CLANG_CXX_LANGUAGE_STANDARD = "gnu++20";
				CLANG_ENABLE_MODULES = YES;
				CLANG_ENABLE_OBJC_ARC = YES;
				CLANG_ENABLE_OBJC_WEAK = YES;
				CLANG_WARN_BLOCK_CAPTURE_AUTORELEASING = YES;
				CLANG_WARN_BOOL_CONVERSION = YES;
				CLANG_WARN_COMMA = YES;
				CLANG_WARN_CONSTANT_CONVERSION = YES;
				CLANG_WARN_DEPRECATED_OBJC_IMPLEMENTATIONS = YES;
				CLANG_WARN_DIRECT_OBJC_ISA_USAGE = YES_ERROR;
				CLANG_WARN_DOCUMENTATION_COMMENTS = YES;
				CLANG_WARN_EMPTY_BODY = YES;
				CLANG_WARN_ENUM_CONVERSION = YES;
				CLANG_WARN_INFINITE_RECURSION = YES;
				CLANG_WARN_INT_CONVERSION = YES;
				CLANG_WARN_NON_LITERAL_NULL_CONVERSION = YES;
				CLANG_WARN_OBJC_IMPLICIT_RETAIN_SELF = YES;
				CLANG_WARN_OBJC_LITERAL_CONVERSION = YES;
				CLANG_WARN_OBJC_ROOT_CLASS = YES_ERROR;
				CLANG_WARN_QUOTED_INCLUDE_IN_FRAMEWORK_HEADER = YES;
				CLANG_WARN_RANGE_LOOP_ANALYSIS = YES;
				CLANG_WARN_STRICT_PROTOTYPES = YES;
				CLANG_WARN_SUSPICIOUS_MOVE = YES;
				CLANG_WARN_UNGUARDED_AVAILABILITY = YES_AGGRESSIVE;
				CLANG_WARN_UNREACHABLE_CODE = YES;
				CLANG_WARN__DUPLICATE_METHOD_MATCH = YES;
				COPY_PHASE_STRIP = NO;
				DEBUG_INFORMATION_FORMAT = dwarf;
				DEVELOPMENT_TEAM = GCN6JSFACT;
				ENABLE_STRICT_OBJC_MSGSEND = YES;
				ENABLE_TESTABILITY = YES;
				ENABLE_USER_SCRIPT_SANDBOXING = YES;
				GCC_C_LANGUAGE_STANDARD = gnu17;
				GCC_DYNAMIC_NO_PIC = NO;
				GCC_NO_COMMON_BLOCKS = YES;
				GCC_OPTIMIZATION_LEVEL = 0;
				GCC_PREPROCESSOR_DEFINITIONS = (
					"DEBUG=1",
					"$(inherited)",
				);
				GCC_WARN_64_TO_32_BIT_CONVERSION = YES;
				GCC_WARN_ABOUT_RETURN_TYPE = YES_ERROR;
				GCC_WARN_UNDECLARED_SELECTOR = YES;
				GCC_WARN_UNINITIALIZED_AUTOS = YES_AGGRESSIVE;
				GCC_WARN_UNUSED_FUNCTION = YES;
				GCC_WARN_UNUSED_VARIABLE = YES;
				IPHONEOS_DEPLOYMENT_TARGET = 26.2;
				LOCALIZATION_PREFERS_STRING_CATALOGS = YES;
				MTL_ENABLE_DEBUG_INFO = INCLUDE_SOURCE;
				MTL_FAST_MATH = YES;
				ONLY_ACTIVE_ARCH = YES;
				SDKROOT = iphoneos;
				SWIFT_ACTIVE_COMPILATION_CONDITIONS = "DEBUG $(inherited)";
				SWIFT_OPTIMIZATION_LEVEL = "-Onone";
			};
			name = Debug;
		};
		ACD8B73C2EF1F8B8000A9E4F /* Release */ = {
			isa = XCBuildConfiguration;
			buildSettings = {
				ALWAYS_SEARCH_USER_PATHS = NO;
				ASSETCATALOG_COMPILER_GENERATE_SWIFT_ASSET_SYMBOL_EXTENSIONS = YES;
				CLANG_ANALYZER_NONNULL = YES;
				CLANG_ANALYZER_NUMBER_OBJECT_CONVERSION = YES_AGGRESSIVE;
				CLANG_CXX_LANGUAGE_STANDARD = "gnu++20";
				CLANG_ENABLE_MODULES = YES;
				CLANG_ENABLE_OBJC_ARC = YES;
				CLANG_ENABLE_OBJC_WEAK = YES;
				CLANG_WARN_BLOCK_CAPTURE_AUTORELEASING = YES;
				CLANG_WARN_BOOL_CONVERSION = YES;
				CLANG_WARN_COMMA = YES;
				CLANG_WARN_CONSTANT_CONVERSION = YES;
				CLANG_WARN_DEPRECATED_OBJC_IMPLEMENTATIONS = YES;
				CLANG_WARN_DIRECT_OBJC_ISA_USAGE = YES_ERROR;
				CLANG_WARN_DOCUMENTATION_COMMENTS = YES;
				CLANG_WARN_EMPTY_BODY = YES;
				CLANG_WARN_ENUM_CONVERSION = YES;
				CLANG_WARN_INFINITE_RECURSION = YES;
				CLANG_WARN_INT_CONVERSION = YES;
				CLANG_WARN_NON_LITERAL_NULL_CONVERSION = YES;
				CLANG_WARN_OBJC_IMPLICIT_RETAIN_SELF = YES;
				CLANG_WARN_OBJC_LITERAL_CONVERSION = YES;
				CLANG_WARN_OBJC_ROOT_CLASS = YES_ERROR;
				CLANG_WARN_QUOTED_INCLUDE_IN_FRAMEWORK_HEADER = YES;
				CLANG_WARN_RANGE_LOOP_ANALYSIS = YES;
				CLANG_WARN_STRICT_PROTOTYPES = YES;
				CLANG_WARN_SUSPICIOUS_MOVE = YES;
				CLANG_WARN_UNGUARDED_AVAILABILITY = YES_AGGRESSIVE;
				CLANG_WARN_UNREACHABLE_CODE = YES;
				CLANG_WARN__DUPLICATE_METHOD_MATCH = YES;
				COPY_PHASE_STRIP = NO;
				DEBUG_INFORMATION_FORMAT = "dwarf-with-dsym";
				DEVELOPMENT_TEAM = GCN6JSFACT;
				ENABLE_NS_ASSERTIONS = NO;
				ENABLE_STRICT_OBJC_MSGSEND = YES;
				ENABLE_USER_SCRIPT_SANDBOXING = YES;
				GCC_C_LANGUAGE_STANDARD = gnu17;
				GCC_NO_COMMON_BLOCKS = YES;
				GCC_WARN_64_TO_32_BIT_CONVERSION = YES;
				GCC_WARN_ABOUT_RETURN_TYPE = YES_ERROR;
				GCC_WARN_UNDECLARED_SELECTOR = YES;
				GCC_WARN_UNINITIALIZED_AUTOS = YES_AGGRESSIVE;
				GCC_WARN_UNUSED_FUNCTION = YES;
				GCC_WARN_UNUSED_VARIABLE = YES;
				IPHONEOS_DEPLOYMENT_TARGET = 26.2;
				LOCALIZATION_PREFERS_STRING_CATALOGS = YES;
				MTL_ENABLE_DEBUG_INFO = NO;
				MTL_FAST_MATH = YES;
				SDKROOT = iphoneos;
				SWIFT_COMPILATION_MODE = wholemodule;
				VALIDATE_PRODUCT = YES;
			};
			name = Release;
		};
		ACD8B73E2EF1F8B8000A9E4F /* Debug */ = {
			isa = XCBuildConfiguration;
			buildSettings = {
				ASSETCATALOG_COMPILER_APPICON_NAME = AppIcon;
				ASSETCATALOG_COMPILER_GLOBAL_ACCENT_COLOR_NAME = AccentColor;
				CODE_SIGN_STYLE = Automatic;
				CURRENT_PROJECT_VERSION = 1;
				DEVELOPMENT_TEAM = GCN6JSFACT;
				ENABLE_PREVIEWS = YES;
				GENERATE_INFOPLIST_FILE = YES;
				INFOPLIST_KEY_UIApplicationSceneManifest_Generation = YES;
				INFOPLIST_KEY_UIApplicationSupportsIndirectInputEvents = YES;
				INFOPLIST_KEY_UILaunchScreen_Generation = YES;
				INFOPLIST_KEY_UISupportedInterfaceOrientations_iPad = "UIInterfaceOrientationPortrait UIInterfaceOrientationPortraitUpsideDown UIInterfaceOrientationLandscapeLeft UIInterfaceOrientationLandscapeRight";
				INFOPLIST_KEY_UISupportedInterfaceOrientations_iPhone = "UIInterfaceOrientationPortrait UIInterfaceOrientationLandscapeLeft UIInterfaceOrientationLandscapeRight";
				IPHONEOS_DEPLOYMENT_TARGET = 15.6;
				LD_RUNPATH_SEARCH_PATHS = (
					"$(inherited)",
					"@executable_path/Frameworks",
				);
				MARKETING_VERSION = 1.0;
				PRODUCT_BUNDLE_IDENTIFIER = br.tec.wrcode.PontoColaboradorIOS;
				PRODUCT_NAME = "$(TARGET_NAME)";
				STRING_CATALOG_GENERATE_SYMBOLS = YES;
				SWIFT_APPROACHABLE_CONCURRENCY = YES;
				SWIFT_DEFAULT_ACTOR_ISOLATION = MainActor;
				SWIFT_EMIT_LOC_STRINGS = YES;
				SWIFT_UPCOMING_FEATURE_MEMBER_IMPORT_VISIBILITY = YES;
				SWIFT_VERSION = 5.0;
				TARGETED_DEVICE_FAMILY = "1,2";
			};
			name = Debug;
		};
		ACD8B73F2EF1F8B8000A9E4F /* Release */ = {
			isa = XCBuildConfiguration;
			buildSettings = {
				ASSETCATALOG_COMPILER_APPICON_NAME = AppIcon;
				ASSETCATALOG_COMPILER_GLOBAL_ACCENT_COLOR_NAME = AccentColor;
				CODE_SIGN_STYLE = Automatic;
				CURRENT_PROJECT_VERSION = 1;
				DEVELOPMENT_TEAM = GCN6JSFACT;
				ENABLE_PREVIEWS = YES;
				GENERATE_INFOPLIST_FILE = YES;
				INFOPLIST_KEY_UIApplicationSceneManifest_Generation = YES;
				INFOPLIST_KEY_UIApplicationSupportsIndirectInputEvents = YES;
				INFOPLIST_KEY_UILaunchScreen_Generation = YES;
				INFOPLIST_KEY_UISupportedInterfaceOrientations_iPad = "UIInterfaceOrientationPortrait UIInterfaceOrientationPortraitUpsideDown UIInterfaceOrientationLandscapeLeft UIInterfaceOrientationLandscapeRight";
				INFOPLIST_KEY_UISupportedInterfaceOrientations_iPhone = "UIInterfaceOrientationPortrait UIInterfaceOrientationLandscapeLeft UIInterfaceOrientationLandscapeRight";
				IPHONEOS_DEPLOYMENT_TARGET = 15.6;
				LD_RUNPATH_SEARCH_PATHS = (
					"$(inherited)",
					"@executable_path/Frameworks",
				);
				MARKETING_VERSION = 1.0;
				PRODUCT_BUNDLE_IDENTIFIER = br.tec.wrcode.PontoColaboradorIOS;
				PRODUCT_NAME = "$(TARGET_NAME)";
				STRING_CATALOG_GENERATE_SYMBOLS = YES;
				SWIFT_APPROACHABLE_CONCURRENCY = YES;
				SWIFT_DEFAULT_ACTOR_ISOLATION = MainActor;
				SWIFT_EMIT_LOC_STRINGS = YES;
				SWIFT_UPCOMING_FEATURE_MEMBER_IMPORT_VISIBILITY = YES;
				SWIFT_VERSION = 5.0;
				TARGETED_DEVICE_FAMILY = "1,2";
			};
			name = Release;
		};
		ACD8B7412EF1F8B8000A9E4F /* Debug */ = {
			isa = XCBuildConfiguration;
			buildSettings = {
				BUNDLE_LOADER = "$(TEST_HOST)";
				CODE_SIGN_STYLE = Automatic;
				CURRENT_PROJECT_VERSION = 1;
				DEVELOPMENT_TEAM = GCN6JSFACT;
				GENERATE_INFOPLIST_FILE = YES;
				IPHONEOS_DEPLOYMENT_TARGET = 26.2;
				MARKETING_VERSION = 1.0;
				PRODUCT_BUNDLE_IDENTIFIER = br.tec.wrcode.PontoColaboradorIOSTests;
				PRODUCT_NAME = "$(TARGET_NAME)";
				STRING_CATALOG_GENERATE_SYMBOLS = NO;
				SWIFT_APPROACHABLE_CONCURRENCY = YES;
				SWIFT_EMIT_LOC_STRINGS = NO;
				SWIFT_UPCOMING_FEATURE_MEMBER_IMPORT_VISIBILITY = YES;
				SWIFT_VERSION = 5.0;
				TARGETED_DEVICE_FAMILY = "1,2";
				TEST_HOST = "$(BUILT_PRODUCTS_DIR)/PontoColaboradorIOS.app/$(BUNDLE_EXECUTABLE_FOLDER_PATH)/PontoColaboradorIOS";
			};
			name = Debug;
		};
		ACD8B7422EF1F8B8000A9E4F /* Release */ = {
			isa = XCBuildConfiguration;
			buildSettings = {
				BUNDLE_LOADER = "$(TEST_HOST)";
				CODE_SIGN_STYLE = Automatic;
				CURRENT_PROJECT_VERSION = 1;
				DEVELOPMENT_TEAM = GCN6JSFACT;
				GENERATE_INFOPLIST_FILE = YES;
				IPHONEOS_DEPLOYMENT_TARGET = 26.2;
				MARKETING_VERSION = 1.0;
				PRODUCT_BUNDLE_IDENTIFIER = br.tec.wrcode.PontoColaboradorIOSTests;
				PRODUCT_NAME = "$(TARGET_NAME)";
				STRING_CATALOG_GENERATE_SYMBOLS = NO;
				SWIFT_APPROACHABLE_CONCURRENCY = YES;
				SWIFT_EMIT_LOC_STRINGS = NO;
				SWIFT_UPCOMING_FEATURE_MEMBER_IMPORT_VISIBILITY = YES;
				SWIFT_VERSION = 5.0;
				TARGETED_DEVICE_FAMILY = "1,2";
				TEST_HOST = "$(BUILT_PRODUCTS_DIR)/PontoColaboradorIOS.app/$(BUNDLE_EXECUTABLE_FOLDER_PATH)/PontoColaboradorIOS";
			};
			name = Release;
		};
		ACD8B7442EF1F8B8000A9E4F /* Debug */ = {
			isa = XCBuildConfiguration;
			buildSettings = {
				CODE_SIGN_STYLE = Automatic;
				CURRENT_PROJECT_VERSION = 1;
				DEVELOPMENT_TEAM = GCN6JSFACT;
				GENERATE_INFOPLIST_FILE = YES;
				MARKETING_VERSION = 1.0;
				PRODUCT_BUNDLE_IDENTIFIER = br.tec.wrcode.PontoColaboradorIOSUITests;
				PRODUCT_NAME = "$(TARGET_NAME)";
				STRING_CATALOG_GENERATE_SYMBOLS = NO;
				SWIFT_APPROACHABLE_CONCURRENCY = YES;
				SWIFT_EMIT_LOC_STRINGS = NO;
				SWIFT_UPCOMING_FEATURE_MEMBER_IMPORT_VISIBILITY = YES;
				SWIFT_VERSION = 5.0;
				TARGETED_DEVICE_FAMILY = "1,2";
				TEST_TARGET_NAME = PontoColaboradorIOS;
			};
			name = Debug;
		};
		ACD8B7452EF1F8B8000A9E4F /* Release */ = {
			isa = XCBuildConfiguration;
			buildSettings = {
				CODE_SIGN_STYLE = Automatic;
				CURRENT_PROJECT_VERSION = 1;
				DEVELOPMENT_TEAM = GCN6JSFACT;
				GENERATE_INFOPLIST_FILE = YES;
				MARKETING_VERSION = 1.0;
				PRODUCT_BUNDLE_IDENTIFIER = br.tec.wrcode.PontoColaboradorIOSUITests;
				PRODUCT_NAME = "$(TARGET_NAME)";
				STRING_CATALOG_GENERATE_SYMBOLS = NO;
				SWIFT_APPROACHABLE_CONCURRENCY = YES;
				SWIFT_EMIT_LOC_STRINGS = NO;
				SWIFT_UPCOMING_FEATURE_MEMBER_IMPORT_VISIBILITY = YES;
				SWIFT_VERSION = 5.0;
				TARGETED_DEVICE_FAMILY = "1,2";
				TEST_TARGET_NAME = PontoColaboradorIOS;
			};
			name = Release;
		};
/* End XCBuildConfiguration section */

/* Begin XCConfigurationList section */
		ACD8B7122EF1F8B6000A9E4F /* Build configuration list for PBXProject "PontoColaboradorIOS" */ = {
			isa = XCConfigurationList;
			buildConfigurations = (
				ACD8B73B2EF1F8B8000A9E4F /* Debug */,
				ACD8B73C2EF1F8B8000A9E4F /* Release */,
			);
			defaultConfigurationIsVisible = 0;
			defaultConfigurationName = Release;
		};
		ACD8B73D2EF1F8B8000A9E4F /* Build configuration list for PBXNativeTarget "PontoColaboradorIOS" */ = {
			isa = XCConfigurationList;
			buildConfigurations = (
				ACD8B73E2EF1F8B8000A9E4F /* Debug */,
				ACD8B73F2EF1F8B8000A9E4F /* Release */,
			);
			defaultConfigurationIsVisible = 0;
			defaultConfigurationName = Release;
		};
		ACD8B7402EF1F8B8000A9E4F /* Build configuration list for PBXNativeTarget "PontoColaboradorIOSTests" */ = {
			isa = XCConfigurationList;
			buildConfigurations = (
				ACD8B7412EF1F8B8000A9E4F /* Debug */,
				ACD8B7422EF1F8B8000A9E4F /* Release */,
			);
			defaultConfigurationIsVisible = 0;
			defaultConfigurationName = Release;
		};
		ACD8B7432EF1F8B8000A9E4F /* Build configuration list for PBXNativeTarget "PontoColaboradorIOSUITests" */ = {
			isa = XCConfigurationList;
			buildConfigurations = (
				ACD8B7442EF1F8B8000A9E4F /* Debug */,
				ACD8B7452EF1F8B8000A9E4F /* Release */,
			);
			defaultConfigurationIsVisible = 0;
			defaultConfigurationName = Release;
		};
/* End XCConfigurationList section */
	};
	rootObject = ACD8B70F2EF1F8B6000A9E4F /* Project object */;
}
